
Microsoft Visual Studio Solution File, Format Version 12.00
# Visual Studio Version 17
VisualStudioVersion = 17.5.002.0
MinimumVisualStudioVersion = 10.0.40219.1
Project("{9A19103F-16F7-4668-BE54-9A1E7A4F7556}") = "DesafioProjetoHospedagem", "DesafioProjetoHospedagem.csproj", "{07ABDCDE-8729-4DC9-A579-E050E8D78078}"
EndProject
Global
	GlobalSection(SolutionConfigurationPlatforms) = preSolution
		Debug|Any CPU = Debug|Any CPU
		Release|Any CPU = Release|Any CPU
	EndGlobalSection
	GlobalSection(ProjectConfigurationPlatforms) = postSolution
		{07ABDCDE-8729-4DC9-A579-E050E8D78078}.Debug|Any CPU.ActiveCfg = Debug|Any CPU
		{07ABDCDE-8729-4DC9-A579-E050E8D78078}.Debug|Any CPU.Build.0 = Debug|Any CPU
		{07ABDCDE-8729-4DC9-A579-E050E8D78078}.Release|Any CPU.ActiveCfg = Release|Any CPU
		{07ABDCDE-8729-4DC9-A579-E050E8D78078}.Release|Any CPU.Build.0 = Release|Any CPU
	EndGlobalSection
	GlobalSection(SolutionProperties) = preSolution
		HideSolutionNode = FALSE
	EndGlobalSection
	GlobalSection(ExtensibilityGlobals) = postSolution
		SolutionGuid = {62371C65-FF24-492B-8E16-36C06B708860}
	EndGlobalSection
EndGlobal
